
Microsoft Visual Studio Solution File, Format Version 12.00
# Visual Studio Version 16
VisualStudioVersion = 16.0.30517.126
MinimumVisualStudioVersion = 10.0.40219.1
Project("{FAE04EC0-301F-11D3-BF4B-00C04F79EFBC}") = "UserRegistrationRegex", "UserRegistrationRegex.csproj", "{9DEE41ED-49FE-434E-998E-6232C1F44CB8}"
EndProject
Global
	GlobalSection(SolutionConfigurationPlatforms) = preSolution
		Debug|Any CPU = Debug|Any CPU
		Release|Any CPU = Release|Any CPU
	EndGlobalSection
	GlobalSection(ProjectConfigurationPlatforms) = postSolution
		{9DEE41ED-49FE-434E-998E-6232C1F44CB8}.Debug|Any CPU.ActiveCfg = Debug|Any CPU
		{9DEE41ED-49FE-434E-998E-6232C1F44CB8}.Debug|Any CPU.Build.0 = Debug|Any CPU
		{9DEE41ED-49FE-434E-998E-6232C1F44CB8}.Release|Any CPU.ActiveCfg = Release|Any CPU
		{9DEE41ED-49FE-434E-998E-6232C1F44CB8}.Release|Any CPU.Build.0 = Release|Any CPU
	EndGlobalSection
	GlobalSection(SolutionProperties) = preSolution
		HideSolutionNode = FALSE
	EndGlobalSection
	GlobalSection(ExtensibilityGlobals) = postSolution
		SolutionGuid = {7B838FF0-C90B-4D0A-B92C-4D6AF54698EC}
	EndGlobalSection
EndGlobal
